
Microsoft Visual Studio Solution File, Format Version 12.00
# Visual Studio Version 16
VisualStudioVersion = 16.0.31702.278
MinimumVisualStudioVersion = 10.0.40219.1
Project("{8BC9CEB8-8B4A-11D0-8D11-00A0C91BC942}") = "SP_PR_1-7meta", "SP_PR_1-7meta\SP_PR_1-7meta.vcxproj", "{B9994E31-6315-4BC0-B1ED-64CC7AE273E3}"
EndProject
Global
	GlobalSection(SolutionConfigurationPlatforms) = preSolution
		Debug|x64 = Debug|x64
		Debug|x86 = Debug|x86
		Release|x64 = Release|x64
		Release|x86 = Release|x86
	EndGlobalSection
	GlobalSection(ProjectConfigurationPlatforms) = postSolution
		{B9994E31-6315-4BC0-B1ED-64CC7AE273E3}.Debug|x64.ActiveCfg = Debug|x64
		{B9994E31-6315-4BC0-B1ED-64CC7AE273E3}.Debug|x64.Build.0 = Debug|x64
		{B9994E31-6315-4BC0-B1ED-64CC7AE273E3}.Debug|x86.ActiveCfg = Debug|Win32
		{B9994E31-6315-4BC0-B1ED-64CC7AE273E3}.Debug|x86.Build.0 = Debug|Win32
		{B9994E31-6315-4BC0-B1ED-64CC7AE273E3}.Release|x64.ActiveCfg = Release|x64
		{B9994E31-6315-4BC0-B1ED-64CC7AE273E3}.Release|x64.Build.0 = Release|x64
		{B9994E31-6315-4BC0-B1ED-64CC7AE273E3}.Release|x86.ActiveCfg = Release|Win32
		{B9994E31-6315-4BC0-B1ED-64CC7AE273E3}.Release|x86.Build.0 = Release|Win32
	EndGlobalSection
	GlobalSection(SolutionProperties) = preSolution
		HideSolutionNode = FALSE
	EndGlobalSection
	GlobalSection(ExtensibilityGlobals) = postSolution
		SolutionGuid = {605BFCA4-DBA0-49FC-851A-B64ABA30B703}
	EndGlobalSection
EndGlobal
