
Microsoft Visual Studio Solution File, Format Version 12.00
# Visual Studio Version 17
VisualStudioVersion = 17.3.32804.467
MinimumVisualStudioVersion = 10.0.40219.1
Project("{FAE04EC0-301F-11D3-BF4B-00C04F79EFBC}") = "IIT_Dimlom_Geo1", "IIT_Dimlom_Geo1\IIT_Dimlom_Geo1.csproj", "{3CE201AA-C032-4F48-A128-E1D38A074087}"
EndProject
Project("{FAE04EC0-301F-11D3-BF4B-00C04F79EFBC}") = "DiploGeoDll", "DiploGeoDll\DiploGeoDll.csproj", "{B00CB152-EB6C-49AD-9300-E9F31F29A7E3}"
EndProject
Global
	GlobalSection(SolutionConfigurationPlatforms) = preSolution
		Debug|Any CPU = Debug|Any CPU
		Release|Any CPU = Release|Any CPU
	EndGlobalSection
	GlobalSection(ProjectConfigurationPlatforms) = postSolution
		{3CE201AA-C032-4F48-A128-E1D38A074087}.Debug|Any CPU.ActiveCfg = Debug|Any CPU
		{3CE201AA-C032-4F48-A128-E1D38A074087}.Debug|Any CPU.Build.0 = Debug|Any CPU
		{3CE201AA-C032-4F48-A128-E1D38A074087}.Release|Any CPU.ActiveCfg = Release|Any CPU
		{3CE201AA-C032-4F48-A128-E1D38A074087}.Release|Any CPU.Build.0 = Release|Any CPU
		{B00CB152-EB6C-49AD-9300-E9F31F29A7E3}.Debug|Any CPU.ActiveCfg = Debug|Any CPU
		{B00CB152-EB6C-49AD-9300-E9F31F29A7E3}.Debug|Any CPU.Build.0 = Debug|Any CPU
		{B00CB152-EB6C-49AD-9300-E9F31F29A7E3}.Release|Any CPU.ActiveCfg = Release|Any CPU
		{B00CB152-EB6C-49AD-9300-E9F31F29A7E3}.Release|Any CPU.Build.0 = Release|Any CPU
	EndGlobalSection
	GlobalSection(SolutionProperties) = preSolution
		HideSolutionNode = FALSE
	EndGlobalSection
	GlobalSection(ExtensibilityGlobals) = postSolution
		SolutionGuid = {64A5DB00-7DC7-4BA9-BADF-523BEED9945B}
	EndGlobalSection
EndGlobal
